// !$*UTF8*$!
{
	archiveVersion = 1;
	classes = {
	};
	objectVersion = 56;
	objects = {

/* Begin PBXBuildFile section */
		4E0D2C5329E8550300D8C510 /* TreeNews.swift in Sources */ = {isa = PBXBuildFile; fileRef = 4E0D2C5229E8550300D8C510 /* TreeNews.swift */; };
		4E0D2C6029E8816000D8C510 /* Keys.swift in Sources */ = {isa = PBXBuildFile; fileRef = 4E0D2C5F29E8816000D8C510 /* Keys.swift */; };
		4E0D2C6229E88B9800D8C510 /* TelegramAPI.swift in Sources */ = {isa = PBXBuildFile; fileRef = 4E0D2C6129E88B9800D8C510 /* TelegramAPI.swift */; };
		4E4423E92A00829200E93002 /* URLSessionWebsocketTask+async.swift in Sources */ = {isa = PBXBuildFile; fileRef = 4E4423E02A00829200E93002 /* URLSessionWebsocketTask+async.swift */; };
		4E4423EA2A00829200E93002 /* API.swift in Sources */ = {isa = PBXBuildFile; fileRef = 4E4423E12A00829200E93002 /* API.swift */; };
		4E4423EB2A00829200E93002 /* WebsocketManager.swift in Sources */ = {isa = PBXBuildFile; fileRef = 4E4423E22A00829200E93002 /* WebsocketManager.swift */; };
		4E4423EC2A00829200E93002 /* DateFormatterSingleton.swift in Sources */ = {isa = PBXBuildFile; fileRef = 4E4423E32A00829200E93002 /* DateFormatterSingleton.swift */; };
		4E4423ED2A00829200E93002 /* BlogPost.swift in Sources */ = {isa = PBXBuildFile; fileRef = 4E4423E52A00829200E93002 /* BlogPost.swift */; };
		4E4423EE2A00829200E93002 /* AnyNews.swift in Sources */ = {isa = PBXBuildFile; fileRef = 4E4423E62A00829200E93002 /* AnyNews.swift */; };
		4E4423EF2A00829200E93002 /* Tweet.swift in Sources */ = {isa = PBXBuildFile; fileRef = 4E4423E72A00829200E93002 /* Tweet.swift */; };
		4E4423F02A00829200E93002 /* News.swift in Sources */ = {isa = PBXBuildFile; fileRef = 4E4423E82A00829200E93002 /* News.swift */; };
		4E4423F32A00848100E93002 /* ArgumentParser in Frameworks */ = {isa = PBXBuildFile; productRef = 4E4423F22A00848100E93002 /* ArgumentParser */; };
		4E4423F72A01A40A00E93002 /* Credentials.swift in Sources */ = {isa = PBXBuildFile; fileRef = 4E4423F62A01A40A00E93002 /* Credentials.swift */; };
		4E4423F92A01A53900E93002 /* RunTimeError.swift in Sources */ = {isa = PBXBuildFile; fileRef = 4E4423F82A01A53900E93002 /* RunTimeError.swift */; };
		4E7A943F29EDF6A3005EE662 /* Endpoint.swift in Sources */ = {isa = PBXBuildFile; fileRef = 4E7A943E29EDF6A3005EE662 /* Endpoint.swift */; };
		4EA4EC4629F9A02D00899E73 /* String+Markup.swift in Sources */ = {isa = PBXBuildFile; fileRef = 4EA4EC4529F9A02D00899E73 /* String+Markup.swift */; };
		4EA4EC4829F9A04000899E73 /* String+Regex.swift in Sources */ = {isa = PBXBuildFile; fileRef = 4EA4EC4729F9A04000899E73 /* String+Regex.swift */; };
/* End PBXBuildFile section */

/* Begin PBXCopyFilesBuildPhase section */
		4E0D2C4D29E8550300D8C510 /* CopyFiles */ = {
			isa = PBXCopyFilesBuildPhase;
			buildActionMask = 2147483647;
			dstPath = /usr/share/man/man1/;
			dstSubfolderSpec = 0;
			files = (
			);
			runOnlyForDeploymentPostprocessing = 1;
		};
/* End PBXCopyFilesBuildPhase section */

/* Begin PBXFileReference section */
		4E0D2C4F29E8550300D8C510 /* Telegram Bot */ = {isa = PBXFileReference; explicitFileType = "compiled.mach-o.executable"; includeInIndex = 0; path = "Telegram Bot"; sourceTree = BUILT_PRODUCTS_DIR; };
		4E0D2C5229E8550300D8C510 /* TreeNews.swift */ = {isa = PBXFileReference; lastKnownFileType = sourcecode.swift; path = TreeNews.swift; sourceTree = "<group>"; };
		4E0D2C5F29E8816000D8C510 /* Keys.swift */ = {isa = PBXFileReference; lastKnownFileType = sourcecode.swift; path = Keys.swift; sourceTree = "<group>"; };
		4E0D2C6129E88B9800D8C510 /* TelegramAPI.swift */ = {isa = PBXFileReference; lastKnownFileType = sourcecode.swift; path = TelegramAPI.swift; sourceTree = "<group>"; };
		4E4423D22A00694300E93002 /* Info.plist */ = {isa = PBXFileReference; lastKnownFileType = text.plist.xml; path = Info.plist; sourceTree = "<group>"; };
		4E4423E02A00829200E93002 /* URLSessionWebsocketTask+async.swift */ = {isa = PBXFileReference; fileEncoding = 4; lastKnownFileType = sourcecode.swift; path = "URLSessionWebsocketTask+async.swift"; sourceTree = "<group>"; };
		4E4423E12A00829200E93002 /* API.swift */ = {isa = PBXFileReference; fileEncoding = 4; lastKnownFileType = sourcecode.swift; path = API.swift; sourceTree = "<group>"; };
		4E4423E22A00829200E93002 /* WebsocketManager.swift */ = {isa = PBXFileReference; fileEncoding = 4; lastKnownFileType = sourcecode.swift; path = WebsocketManager.swift; sourceTree = "<group>"; };
		4E4423E32A00829200E93002 /* DateFormatterSingleton.swift */ = {isa = PBXFileReference; fileEncoding = 4; lastKnownFileType = sourcecode.swift; path = DateFormatterSingleton.swift; sourceTree = "<group>"; };
		4E4423E52A00829200E93002 /* BlogPost.swift */ = {isa = PBXFileReference; fileEncoding = 4; lastKnownFileType = sourcecode.swift; path = BlogPost.swift; sourceTree = "<group>"; };
		4E4423E62A00829200E93002 /* AnyNews.swift */ = {isa = PBXFileReference; fileEncoding = 4; lastKnownFileType = sourcecode.swift; path = AnyNews.swift; sourceTree = "<group>"; };
		4E4423E72A00829200E93002 /* Tweet.swift */ = {isa = PBXFileReference; fileEncoding = 4; lastKnownFileType = sourcecode.swift; path = Tweet.swift; sourceTree = "<group>"; };
		4E4423E82A00829200E93002 /* News.swift */ = {isa = PBXFileReference; fileEncoding = 4; lastKnownFileType = sourcecode.swift; path = News.swift; sourceTree = "<group>"; };
		4E4423F62A01A40A00E93002 /* Credentials.swift */ = {isa = PBXFileReference; lastKnownFileType = sourcecode.swift; path = Credentials.swift; sourceTree = "<group>"; };
		4E4423F82A01A53900E93002 /* RunTimeError.swift */ = {isa = PBXFileReference; lastKnownFileType = sourcecode.swift; path = RunTimeError.swift; sourceTree = "<group>"; };
		4E7A943E29EDF6A3005EE662 /* Endpoint.swift */ = {isa = PBXFileReference; lastKnownFileType = sourcecode.swift; path = Endpoint.swift; sourceTree = "<group>"; };
		4EA4EC4529F9A02D00899E73 /* String+Markup.swift */ = {isa = PBXFileReference; lastKnownFileType = sourcecode.swift; path = "String+Markup.swift"; sourceTree = "<group>"; };
		4EA4EC4729F9A04000899E73 /* String+Regex.swift */ = {isa = PBXFileReference; lastKnownFileType = sourcecode.swift; path = "String+Regex.swift"; sourceTree = "<group>"; };
		4EA4ECAC29FABCB700899E73 /* README.md */ = {isa = PBXFileReference; lastKnownFileType = net.daringfireball.markdown; path = README.md; sourceTree = "<group>"; };
/* End PBXFileReference section */

/* Begin PBXFrameworksBuildPhase section */
		4E0D2C4C29E8550300D8C510 /* Frameworks */ = {
			isa = PBXFrameworksBuildPhase;
			buildActionMask = 2147483647;
			files = (
				4E4423F32A00848100E93002 /* ArgumentParser in Frameworks */,
			);
			runOnlyForDeploymentPostprocessing = 0;
		};
/* End PBXFrameworksBuildPhase section */

/* Begin PBXGroup section */
		4E0D2C4629E8550300D8C510 = {
			isa = PBXGroup;
			children = (
				4E0D2C5129E8550300D8C510 /* TreeNews */,
				4EA4ECAC29FABCB700899E73 /* README.md */,
				4E0D2C5029E8550300D8C510 /* Products */,
			);
			sourceTree = "<group>";
		};
		4E0D2C5029E8550300D8C510 /* Products */ = {
			isa = PBXGroup;
			children = (
				4E0D2C4F29E8550300D8C510 /* Telegram Bot */,
			);
			name = Products;
			sourceTree = "<group>";
		};
		4E0D2C5129E8550300D8C510 /* TreeNews */ = {
			isa = PBXGroup;
			children = (
				4E4423F42A01A29C00E93002 /* Utils */,
				4E0D2C5229E8550300D8C510 /* TreeNews.swift */,
				4E4423DE2A00829200E93002 /* TreeNewsKit */,
				4EA4ECB029FB88B300899E73 /* TelegramKit */,
				4E4423D22A00694300E93002 /* Info.plist */,
			);
			path = TreeNews;
			sourceTree = "<group>";
		};
		4E4423DE2A00829200E93002 /* TreeNewsKit */ = {
			isa = PBXGroup;
			children = (
				4E4423DF2A00829200E93002 /* Websocket */,
				4E4423E42A00829200E93002 /* Model */,
			);
			path = TreeNewsKit;
			sourceTree = "<group>";
		};
		4E4423DF2A00829200E93002 /* Websocket */ = {
			isa = PBXGroup;
			children = (
				4E4423E02A00829200E93002 /* URLSessionWebsocketTask+async.swift */,
				4E4423E12A00829200E93002 /* API.swift */,
				4E4423E22A00829200E93002 /* WebsocketManager.swift */,
			);
			path = Websocket;
			sourceTree = "<group>";
		};
		4E4423E42A00829200E93002 /* Model */ = {
			isa = PBXGroup;
			children = (
				4E4423E52A00829200E93002 /* BlogPost.swift */,
				4E4423E62A00829200E93002 /* AnyNews.swift */,
				4E4423E72A00829200E93002 /* Tweet.swift */,
				4E4423E82A00829200E93002 /* News.swift */,
			);
			path = Model;
			sourceTree = "<group>";
		};
		4E4423F42A01A29C00E93002 /* Utils */ = {
			isa = PBXGroup;
			children = (
				4E4423E32A00829200E93002 /* DateFormatterSingleton.swift */,
				4E4423F82A01A53900E93002 /* RunTimeError.swift */,
			);
			path = Utils;
			sourceTree = "<group>";
		};
		4E4423F52A01A3FF00E93002 /* Model */ = {
			isa = PBXGroup;
			children = (
				4E4423F62A01A40A00E93002 /* Credentials.swift */,
			);
			path = Model;
			sourceTree = "<group>";
		};
		4EA4EC3929F98D8500899E73 /* Utils */ = {
			isa = PBXGroup;
			children = (
				4EA4EC4429F9A01600899E73 /* String+Extensions */,
				4E0D2C5F29E8816000D8C510 /* Keys.swift */,
			);
			path = Utils;
			sourceTree = "<group>";
		};
		4EA4EC4129F9912100899E73 /* Network */ = {
			isa = PBXGroup;
			children = (
				4E7A943E29EDF6A3005EE662 /* Endpoint.swift */,
				4E0D2C6129E88B9800D8C510 /* TelegramAPI.swift */,
			);
			path = Network;
			sourceTree = "<group>";
		};
		4EA4EC4429F9A01600899E73 /* String+Extensions */ = {
			isa = PBXGroup;
			children = (
				4EA4EC4529F9A02D00899E73 /* String+Markup.swift */,
				4EA4EC4729F9A04000899E73 /* String+Regex.swift */,
			);
			path = "String+Extensions";
			sourceTree = "<group>";
		};
		4EA4ECB029FB88B300899E73 /* TelegramKit */ = {
			isa = PBXGroup;
			children = (
				4E4423F52A01A3FF00E93002 /* Model */,
				4EA4EC3929F98D8500899E73 /* Utils */,
				4EA4EC4129F9912100899E73 /* Network */,
			);
			path = TelegramKit;
			sourceTree = "<group>";
		};
/* End PBXGroup section */

/* Begin PBXNativeTarget section */
		4E0D2C4E29E8550300D8C510 /* Telegram Bot */ = {
			isa = PBXNativeTarget;
			buildConfigurationList = 4E0D2C5629E8550300D8C510 /* Build configuration list for PBXNativeTarget "Telegram Bot" */;
			buildPhases = (
				4E0D2C4B29E8550300D8C510 /* Sources */,
				4E0D2C4C29E8550300D8C510 /* Frameworks */,
				4E0D2C4D29E8550300D8C510 /* CopyFiles */,
			);
			buildRules = (
			);
			dependencies = (
			);
			name = "Telegram Bot";
			packageProductDependencies = (
				4E4423F22A00848100E93002 /* ArgumentParser */,
			);
			productName = "Telegram Bot";
			productReference = 4E0D2C4F29E8550300D8C510 /* Telegram Bot */;
			productType = "com.apple.product-type.tool";
		};
/* End PBXNativeTarget section */

/* Begin PBXProject section */
		4E0D2C4729E8550300D8C510 /* Project object */ = {
			isa = PBXProject;
			attributes = {
				BuildIndependentTargetsInParallel = 1;
				LastSwiftUpdateCheck = 1400;
				LastUpgradeCheck = 1430;
				TargetAttributes = {
					4E0D2C4E29E8550300D8C510 = {
						CreatedOnToolsVersion = 14.0.1;
					};
				};
			};
			buildConfigurationList = 4E0D2C4A29E8550300D8C510 /* Build configuration list for PBXProject "TreeNews" */;
			compatibilityVersion = "Xcode 14.0";
			developmentRegion = en;
			hasScannedForEncodings = 0;
			knownRegions = (
				en,
				Base,
			);
			mainGroup = 4E0D2C4629E8550300D8C510;
			packageReferences = (
				4E4423F12A00848100E93002 /* XCRemoteSwiftPackageReference "swift-argument-parser" */,
			);
			productRefGroup = 4E0D2C5029E8550300D8C510 /* Products */;
			projectDirPath = "";
			projectRoot = "";
			targets = (
				4E0D2C4E29E8550300D8C510 /* Telegram Bot */,
			);
		};
/* End PBXProject section */

/* Begin PBXSourcesBuildPhase section */
		4E0D2C4B29E8550300D8C510 /* Sources */ = {
			isa = PBXSourcesBuildPhase;
			buildActionMask = 2147483647;
			files = (
				4EA4EC4629F9A02D00899E73 /* String+Markup.swift in Sources */,
				4EA4EC4829F9A04000899E73 /* String+Regex.swift in Sources */,
				4E4423ED2A00829200E93002 /* BlogPost.swift in Sources */,
				4E4423EC2A00829200E93002 /* DateFormatterSingleton.swift in Sources */,
				4E4423F02A00829200E93002 /* News.swift in Sources */,
				4E0D2C6029E8816000D8C510 /* Keys.swift in Sources */,
				4E4423EF2A00829200E93002 /* Tweet.swift in Sources */,
				4E0D2C5329E8550300D8C510 /* TreeNews.swift in Sources */,
				4E0D2C6229E88B9800D8C510 /* TelegramAPI.swift in Sources */,
				4E7A943F29EDF6A3005EE662 /* Endpoint.swift in Sources */,
				4E4423EA2A00829200E93002 /* API.swift in Sources */,
				4E4423F92A01A53900E93002 /* RunTimeError.swift in Sources */,
				4E4423EE2A00829200E93002 /* AnyNews.swift in Sources */,
				4E4423F72A01A40A00E93002 /* Credentials.swift in Sources */,
				4E4423EB2A00829200E93002 /* WebsocketManager.swift in Sources */,
				4E4423E92A00829200E93002 /* URLSessionWebsocketTask+async.swift in Sources */,
			);
			runOnlyForDeploymentPostprocessing = 0;
		};
/* End PBXSourcesBuildPhase section */

/* Begin XCBuildConfiguration section */
		4E0D2C5429E8550300D8C510 /* Debug */ = {
			isa = XCBuildConfiguration;
			buildSettings = {
				ALWAYS_SEARCH_USER_PATHS = NO;
				CLANG_ANALYZER_NONNULL = YES;
				CLANG_ANALYZER_NUMBER_OBJECT_CONVERSION = YES_AGGRESSIVE;
				CLANG_CXX_LANGUAGE_STANDARD = "gnu++20";
				CLANG_ENABLE_MODULES = YES;
				CLANG_ENABLE_OBJC_ARC = YES;
				CLANG_ENABLE_OBJC_WEAK = YES;
				CLANG_WARN_BLOCK_CAPTURE_AUTORELEASING = YES;
				CLANG_WARN_BOOL_CONVERSION = YES;
				CLANG_WARN_COMMA = YES;
				CLANG_WARN_CONSTANT_CONVERSION = YES;
				CLANG_WARN_DEPRECATED_OBJC_IMPLEMENTATIONS = YES;
				CLANG_WARN_DIRECT_OBJC_ISA_USAGE = YES_ERROR;
				CLANG_WARN_DOCUMENTATION_COMMENTS = YES;
				CLANG_WARN_EMPTY_BODY = YES;
				CLANG_WARN_ENUM_CONVERSION = YES;
				CLANG_WARN_INFINITE_RECURSION = YES;
				CLANG_WARN_INT_CONVERSION = YES;
				CLANG_WARN_NON_LITERAL_NULL_CONVERSION = YES;
				CLANG_WARN_OBJC_IMPLICIT_RETAIN_SELF = YES;
				CLANG_WARN_OBJC_LITERAL_CONVERSION = YES;
				CLANG_WARN_OBJC_ROOT_CLASS = YES_ERROR;
				CLANG_WARN_QUOTED_INCLUDE_IN_FRAMEWORK_HEADER = YES;
				CLANG_WARN_RANGE_LOOP_ANALYSIS = YES;
				CLANG_WARN_STRICT_PROTOTYPES = YES;
				CLANG_WARN_SUSPICIOUS_MOVE = YES;
				CLANG_WARN_UNGUARDED_AVAILABILITY = YES_AGGRESSIVE;
				CLANG_WARN_UNREACHABLE_CODE = YES;
				CLANG_WARN__DUPLICATE_METHOD_MATCH = YES;
				COPY_PHASE_STRIP = NO;
				DEAD_CODE_STRIPPING = YES;
				DEBUG_INFORMATION_FORMAT = dwarf;
				ENABLE_STRICT_OBJC_MSGSEND = YES;
				ENABLE_TESTABILITY = YES;
				GCC_C_LANGUAGE_STANDARD = gnu11;
				GCC_DYNAMIC_NO_PIC = NO;
				GCC_NO_COMMON_BLOCKS = YES;
				GCC_OPTIMIZATION_LEVEL = 0;
				GCC_PREPROCESSOR_DEFINITIONS = (
					"DEBUG=1",
					"$(inherited)",
				);
				GCC_WARN_64_TO_32_BIT_CONVERSION = YES;
				GCC_WARN_ABOUT_RETURN_TYPE = YES_ERROR;
				GCC_WARN_UNDECLARED_SELECTOR = YES;
				GCC_WARN_UNINITIALIZED_AUTOS = YES_AGGRESSIVE;
				GCC_WARN_UNUSED_FUNCTION = YES;
				GCC_WARN_UNUSED_VARIABLE = YES;
				MACOSX_DEPLOYMENT_TARGET = 13.0;
				MTL_ENABLE_DEBUG_INFO = INCLUDE_SOURCE;
				MTL_FAST_MATH = YES;
				ONLY_ACTIVE_ARCH = YES;
				SDKROOT = macosx;
				SWIFT_ACTIVE_COMPILATION_CONDITIONS = DEBUG;
				SWIFT_OPTIMIZATION_LEVEL = "-Onone";
			};
			name = Debug;
		};
		4E0D2C5529E8550300D8C510 /* Release */ = {
			isa = XCBuildConfiguration;
			buildSettings = {
				ALWAYS_SEARCH_USER_PATHS = NO;
				CLANG_ANALYZER_NONNULL = YES;
				CLANG_ANALYZER_NUMBER_OBJECT_CONVERSION = YES_AGGRESSIVE;
				CLANG_CXX_LANGUAGE_STANDARD = "gnu++20";
				CLANG_ENABLE_MODULES = YES;
				CLANG_ENABLE_OBJC_ARC = YES;
				CLANG_ENABLE_OBJC_WEAK = YES;
				CLANG_WARN_BLOCK_CAPTURE_AUTORELEASING = YES;
				CLANG_WARN_BOOL_CONVERSION = YES;
				CLANG_WARN_COMMA = YES;
				CLANG_WARN_CONSTANT_CONVERSION = YES;
				CLANG_WARN_DEPRECATED_OBJC_IMPLEMENTATIONS = YES;
				CLANG_WARN_DIRECT_OBJC_ISA_USAGE = YES_ERROR;
				CLANG_WARN_DOCUMENTATION_COMMENTS = YES;
				CLANG_WARN_EMPTY_BODY = YES;
				CLANG_WARN_ENUM_CONVERSION = YES;
				CLANG_WARN_INFINITE_RECURSION = YES;
				CLANG_WARN_INT_CONVERSION = YES;
				CLANG_WARN_NON_LITERAL_NULL_CONVERSION = YES;
				CLANG_WARN_OBJC_IMPLICIT_RETAIN_SELF = YES;
				CLANG_WARN_OBJC_LITERAL_CONVERSION = YES;
				CLANG_WARN_OBJC_ROOT_CLASS = YES_ERROR;
				CLANG_WARN_QUOTED_INCLUDE_IN_FRAMEWORK_HEADER = YES;
				CLANG_WARN_RANGE_LOOP_ANALYSIS = YES;
				CLANG_WARN_STRICT_PROTOTYPES = YES;
				CLANG_WARN_SUSPICIOUS_MOVE = YES;
				CLANG_WARN_UNGUARDED_AVAILABILITY = YES_AGGRESSIVE;
				CLANG_WARN_UNREACHABLE_CODE = YES;
				CLANG_WARN__DUPLICATE_METHOD_MATCH = YES;
				COPY_PHASE_STRIP = NO;
				DEAD_CODE_STRIPPING = YES;
				DEBUG_INFORMATION_FORMAT = "dwarf-with-dsym";
				ENABLE_NS_ASSERTIONS = NO;
				ENABLE_STRICT_OBJC_MSGSEND = YES;
				GCC_C_LANGUAGE_STANDARD = gnu11;
				GCC_NO_COMMON_BLOCKS = YES;
				GCC_WARN_64_TO_32_BIT_CONVERSION = YES;
				GCC_WARN_ABOUT_RETURN_TYPE = YES_ERROR;
				GCC_WARN_UNDECLARED_SELECTOR = YES;
				GCC_WARN_UNINITIALIZED_AUTOS = YES_AGGRESSIVE;
				GCC_WARN_UNUSED_FUNCTION = YES;
				GCC_WARN_UNUSED_VARIABLE = YES;
				MACOSX_DEPLOYMENT_TARGET = 13.0;
				MTL_ENABLE_DEBUG_INFO = NO;
				MTL_FAST_MATH = YES;
				SDKROOT = macosx;
				SWIFT_COMPILATION_MODE = wholemodule;
				SWIFT_OPTIMIZATION_LEVEL = "-O";
			};
			name = Release;
		};
		4E0D2C5729E8550300D8C510 /* Debug */ = {
			isa = XCBuildConfiguration;
			buildSettings = {
				CODE_SIGN_STYLE = Automatic;
				CURRENT_PROJECT_VERSION = 1;
				DEAD_CODE_STRIPPING = YES;
				DEVELOPMENT_TEAM = 7ZMTVQN9A8;
				ENABLE_HARDENED_RUNTIME = YES;
				INFOPLIST_FILE = "$(SRCROOT)/TreeNews/Info.plist";
				MACOSX_DEPLOYMENT_TARGET = 13.0;
				MARKETING_VERSION = 1.0.0;
				PRODUCT_BUNDLE_IDENTIFIER = com.markmax12.TreeNews;
				PRODUCT_NAME = "$(TARGET_NAME)";
				SWIFT_VERSION = 5.0;
			};
			name = Debug;
		};
		4E0D2C5829E8550300D8C510 /* Release */ = {
			isa = XCBuildConfiguration;
			buildSettings = {
				CODE_SIGN_STYLE = Automatic;
				CURRENT_PROJECT_VERSION = 1;
				DEAD_CODE_STRIPPING = YES;
				DEVELOPMENT_TEAM = 7ZMTVQN9A8;
				ENABLE_HARDENED_RUNTIME = YES;
				INFOPLIST_FILE = "$(SRCROOT)/TreeNews/Info.plist";
				MACOSX_DEPLOYMENT_TARGET = 13.0;
				MARKETING_VERSION = 1.0.0;
				PRODUCT_BUNDLE_IDENTIFIER = com.markmax12.TreeNews;
				PRODUCT_NAME = "$(TARGET_NAME)";
				SWIFT_VERSION = 5.0;
			};
			name = Release;
		};
/* End XCBuildConfiguration section */

/* Begin XCConfigurationList section */
		4E0D2C4A29E8550300D8C510 /* Build configuration list for PBXProject "TreeNews" */ = {
			isa = XCConfigurationList;
			buildConfigurations = (
				4E0D2C5429E8550300D8C510 /* Debug */,
				4E0D2C5529E8550300D8C510 /* Release */,
			);
			defaultConfigurationIsVisible = 0;
			defaultConfigurationName = Debug;
		};
		4E0D2C5629E8550300D8C510 /* Build configuration list for PBXNativeTarget "Telegram Bot" */ = {
			isa = XCConfigurationList;
			buildConfigurations = (
				4E0D2C5729E8550300D8C510 /* Debug */,
				4E0D2C5829E8550300D8C510 /* Release */,
			);
			defaultConfigurationIsVisible = 0;
			defaultConfigurationName = Debug;
		};
/* End XCConfigurationList section */

/* Begin XCRemoteSwiftPackageReference section */
		4E4423F12A00848100E93002 /* XCRemoteSwiftPackageReference "swift-argument-parser" */ = {
			isa = XCRemoteSwiftPackageReference;
			repositoryURL = "https://github.com/apple/swift-argument-parser.git";
			requirement = {
				kind = upToNextMajorVersion;
				minimumVersion = 1.0.0;
			};
		};
/* End XCRemoteSwiftPackageReference section */

/* Begin XCSwiftPackageProductDependency section */
		4E4423F22A00848100E93002 /* ArgumentParser */ = {
			isa = XCSwiftPackageProductDependency;
			package = 4E4423F12A00848100E93002 /* XCRemoteSwiftPackageReference "swift-argument-parser" */;
			productName = ArgumentParser;
		};
/* End XCSwiftPackageProductDependency section */
	};
	rootObject = 4E0D2C4729E8550300D8C510 /* Project object */;
}
